
Microsoft Visual Studio Solution File, Format Version 12.00
# 
Project("{FAE04EC0-301F-11D3-BF4B-00C04F79EFBC}") = "ConwayLib", "ConwayLib\ConwayLib.csproj", "{3E3A66D2-A95E-444B-BD1E-112A9F191B8B}"
EndProject
Project("{FAE04EC0-301F-11D3-BF4B-00C04F79EFBC}") = "Conway", "Conway\Conway.csproj", "{E606DC34-20A0-467A-9FD5-42BA0ABCFF38}"
EndProject
Project("{FAE04EC0-301F-11D3-BF4B-00C04F79EFBC}") = "Tests", "Tests\Tests.csproj", "{A9256DD8-D8F7-4136-9705-3536853656A4}"
EndProject
Global
	GlobalSection(SolutionConfigurationPlatforms) = preSolution
		Debug|Any CPU = Debug|Any CPU
		Release|Any CPU = Release|Any CPU
	EndGlobalSection
	GlobalSection(ProjectConfigurationPlatforms) = postSolution
		{3E3A66D2-A95E-444B-BD1E-112A9F191B8B}.Debug|Any CPU.ActiveCfg = Debug|Any CPU
		{3E3A66D2-A95E-444B-BD1E-112A9F191B8B}.Debug|Any CPU.Build.0 = Debug|Any CPU
		{3E3A66D2-A95E-444B-BD1E-112A9F191B8B}.Release|Any CPU.ActiveCfg = Release|Any CPU
		{3E3A66D2-A95E-444B-BD1E-112A9F191B8B}.Release|Any CPU.Build.0 = Release|Any CPU
		{E606DC34-20A0-467A-9FD5-42BA0ABCFF38}.Debug|Any CPU.ActiveCfg = Debug|Any CPU
		{E606DC34-20A0-467A-9FD5-42BA0ABCFF38}.Debug|Any CPU.Build.0 = Debug|Any CPU
		{E606DC34-20A0-467A-9FD5-42BA0ABCFF38}.Release|Any CPU.ActiveCfg = Release|Any CPU
		{E606DC34-20A0-467A-9FD5-42BA0ABCFF38}.Release|Any CPU.Build.0 = Release|Any CPU
		{A9256DD8-D8F7-4136-9705-3536853656A4}.Debug|Any CPU.ActiveCfg = Debug|Any CPU
		{A9256DD8-D8F7-4136-9705-3536853656A4}.Debug|Any CPU.Build.0 = Debug|Any CPU
		{A9256DD8-D8F7-4136-9705-3536853656A4}.Release|Any CPU.ActiveCfg = Release|Any CPU
		{A9256DD8-D8F7-4136-9705-3536853656A4}.Release|Any CPU.Build.0 = Release|Any CPU
		{D6EA495D-F4EF-4B16-97C7-FC15FF646449}.Debug|Any CPU.ActiveCfg = Debug|Any CPU
		{D6EA495D-F4EF-4B16-97C7-FC15FF646449}.Debug|Any CPU.Build.0 = Debug|Any CPU
		{D6EA495D-F4EF-4B16-97C7-FC15FF646449}.Release|Any CPU.ActiveCfg = Release|Any CPU
		{D6EA495D-F4EF-4B16-97C7-FC15FF646449}.Release|Any CPU.Build.0 = Release|Any CPU
	EndGlobalSection
EndGlobal
